
Microsoft Visual Studio Solution File, Format Version 12.00
# Visual Studio 15
VisualStudioVersion = 15.0.27703.2018
MinimumVisualStudioVersion = 10.0.40219.1
Project("{FAE04EC0-301F-11D3-BF4B-00C04F79EFBC}") = "FHIR", "FHIR\FHIR.csproj", "{C2CD78E1-E8D5-48AF-BC14-EB31F8E8566D}"
EndProject
Global
	GlobalSection(SolutionConfigurationPlatforms) = preSolution
		Debug|Any CPU = Debug|Any CPU
		Release|Any CPU = Release|Any CPU
	EndGlobalSection
	GlobalSection(ProjectConfigurationPlatforms) = postSolution
		{C2CD78E1-E8D5-48AF-BC14-EB31F8E8566D}.Debug|Any CPU.ActiveCfg = Debug|Any CPU
		{C2CD78E1-E8D5-48AF-BC14-EB31F8E8566D}.Debug|Any CPU.Build.0 = Debug|Any CPU
		{C2CD78E1-E8D5-48AF-BC14-EB31F8E8566D}.Release|Any CPU.ActiveCfg = Release|Any CPU
		{C2CD78E1-E8D5-48AF-BC14-EB31F8E8566D}.Release|Any CPU.Build.0 = Release|Any CPU
	EndGlobalSection
	GlobalSection(SolutionProperties) = preSolution
		HideSolutionNode = FALSE
	EndGlobalSection
	GlobalSection(ExtensibilityGlobals) = postSolution
		SolutionGuid = {7FA35088-BE01-44FF-BA37-7F7DCA23B4A2}
	EndGlobalSection
EndGlobal
